// !$*UTF8*$!
{
	archiveVersion = 1;
	classes = {
	};
	objectVersion = 46;
	objects = {

/* Begin PBXBuildFile section */
		EA5E09981A82F6B7002A1147 /* AppDelegate.swift in Sources */ = {isa = PBXBuildFile; fileRef = EA5E09971A82F6B7002A1147 /* AppDelegate.swift */; };
		EA5E099A1A82F6B7002A1147 /* ViewController.swift in Sources */ = {isa = PBXBuildFile; fileRef = EA5E09991A82F6B7002A1147 /* ViewController.swift */; };
		EA5E099D1A82F6B7002A1147 /* Main.storyboard in Resources */ = {isa = PBXBuildFile; fileRef = EA5E099B1A82F6B7002A1147 /* Main.storyboard */; };
		EA5E099F1A82F6B7002A1147 /* Images.xcassets in Resources */ = {isa = PBXBuildFile; fileRef = EA5E099E1A82F6B7002A1147 /* Images.xcassets */; };
		EA5E09A21A82F6B7002A1147 /* LaunchScreen.xib in Resources */ = {isa = PBXBuildFile; fileRef = EA5E09A01A82F6B7002A1147 /* LaunchScreen.xib */; };
		EA5E09AE1A82F6B7002A1147 /* Course_499ProjectTests.swift in Sources */ = {isa = PBXBuildFile; fileRef = EA5E09AD1A82F6B7002A1147 /* Course_499ProjectTests.swift */; };
		EA726B901A955A6D001CD639 /* SwiftHTTP.framework in Frameworks */ = {isa = PBXBuildFile; fileRef = EA726B891A9559AD001CD639 /* SwiftHTTP.framework */; };
		EA726B911A955A6D001CD639 /* SwiftHTTP.framework in Frameworks */ = {isa = PBXBuildFile; fileRef = EA726B8D1A9559AD001CD639 /* SwiftHTTP.framework */; };
/* End PBXBuildFile section */

/* Begin PBXContainerItemProxy section */
		EA5E09A81A82F6B7002A1147 /* PBXContainerItemProxy */ = {
			isa = PBXContainerItemProxy;
			containerPortal = EA5E098A1A82F6B6002A1147 /* Project object */;
			proxyType = 1;
			remoteGlobalIDString = EA5E09911A82F6B7002A1147;
			remoteInfo = "Course-499Project";
		};
		EA726B881A9559AD001CD639 /* PBXContainerItemProxy */ = {
			isa = PBXContainerItemProxy;
			containerPortal = EA726B811A9559AD001CD639 /* SwiftHTTP.xcodeproj */;
			proxyType = 2;
			remoteGlobalIDString = 6BFD901619C8D8B500DD99B6;
			remoteInfo = SwiftHTTP;
		};
		EA726B8A1A9559AD001CD639 /* PBXContainerItemProxy */ = {
			isa = PBXContainerItemProxy;
			containerPortal = EA726B811A9559AD001CD639 /* SwiftHTTP.xcodeproj */;
			proxyType = 2;
			remoteGlobalIDString = 6BFD902119C8D8B500DD99B6;
			remoteInfo = SwiftHTTPTests;
		};
		EA726B8C1A9559AD001CD639 /* PBXContainerItemProxy */ = {
			isa = PBXContainerItemProxy;
			containerPortal = EA726B811A9559AD001CD639 /* SwiftHTTP.xcodeproj */;
			proxyType = 2;
			remoteGlobalIDString = D958025919E6EEEB003C8218;
			remoteInfo = SwiftHTTPOSX;
		};
		EA726B8E1A9559AD001CD639 /* PBXContainerItemProxy */ = {
			isa = PBXContainerItemProxy;
			containerPortal = EA726B811A9559AD001CD639 /* SwiftHTTP.xcodeproj */;
			proxyType = 2;
			remoteGlobalIDString = D958026319E6EEEB003C8218;
			remoteInfo = SwiftHTTPOSXTests;
		};
/* End PBXContainerItemProxy section */

/* Begin PBXFileReference section */
		EA5E09921A82F6B7002A1147 /* Course-499Project.app */ = {isa = PBXFileReference; explicitFileType = wrapper.application; includeInIndex = 0; path = "Course-499Project.app"; sourceTree = BUILT_PRODUCTS_DIR; };
		EA5E09961A82F6B7002A1147 /* Info.plist */ = {isa = PBXFileReference; lastKnownFileType = text.plist.xml; path = Info.plist; sourceTree = "<group>"; };
		EA5E09971A82F6B7002A1147 /* AppDelegate.swift */ = {isa = PBXFileReference; lastKnownFileType = sourcecode.swift; path = AppDelegate.swift; sourceTree = "<group>"; };
		EA5E09991A82F6B7002A1147 /* ViewController.swift */ = {isa = PBXFileReference; lastKnownFileType = sourcecode.swift; path = ViewController.swift; sourceTree = "<group>"; };
		EA5E099C1A82F6B7002A1147 /* Base */ = {isa = PBXFileReference; lastKnownFileType = file.storyboard; name = Base; path = Base.lproj/Main.storyboard; sourceTree = "<group>"; };
		EA5E099E1A82F6B7002A1147 /* Images.xcassets */ = {isa = PBXFileReference; lastKnownFileType = folder.assetcatalog; path = Images.xcassets; sourceTree = "<group>"; };
		EA5E09A11A82F6B7002A1147 /* Base */ = {isa = PBXFileReference; lastKnownFileType = file.xib; name = Base; path = Base.lproj/LaunchScreen.xib; sourceTree = "<group>"; };
		EA5E09A71A82F6B7002A1147 /* Course-499ProjectTests.xctest */ = {isa = PBXFileReference; explicitFileType = wrapper.cfbundle; includeInIndex = 0; path = "Course-499ProjectTests.xctest"; sourceTree = BUILT_PRODUCTS_DIR; };
		EA5E09AC1A82F6B7002A1147 /* Info.plist */ = {isa = PBXFileReference; lastKnownFileType = text.plist.xml; path = Info.plist; sourceTree = "<group>"; };
		EA5E09AD1A82F6B7002A1147 /* Course_499ProjectTests.swift */ = {isa = PBXFileReference; lastKnownFileType = sourcecode.swift; path = Course_499ProjectTests.swift; sourceTree = "<group>"; };
		EA726B801A95560C001CD639 /* MyPlayground.playground */ = {isa = PBXFileReference; lastKnownFileType = file.playground; path = MyPlayground.playground; sourceTree = "<group>"; };
		EA726B811A9559AD001CD639 /* SwiftHTTP.xcodeproj */ = {isa = PBXFileReference; lastKnownFileType = "wrapper.pb-project"; name = SwiftHTTP.xcodeproj; path = "../../SwiftHTTP-master/SwiftHTTP.xcodeproj"; sourceTree = "<group>"; };
/* End PBXFileReference section */

/* Begin PBXFrameworksBuildPhase section */
		EA5E098F1A82F6B7002A1147 /* Frameworks */ = {
			isa = PBXFrameworksBuildPhase;
			buildActionMask = 2147483647;
			files = (
				EA726B901A955A6D001CD639 /* SwiftHTTP.framework in Frameworks */,
				EA726B911A955A6D001CD639 /* SwiftHTTP.framework in Frameworks */,
			);
			runOnlyForDeploymentPostprocessing = 0;
		};
		EA5E09A41A82F6B7002A1147 /* Frameworks */ = {
			isa = PBXFrameworksBuildPhase;
			buildActionMask = 2147483647;
			files = (
			);
			runOnlyForDeploymentPostprocessing = 0;
		};
/* End PBXFrameworksBuildPhase section */

/* Begin PBXGroup section */
		EA5E09891A82F6B6002A1147 = {
			isa = PBXGroup;
			children = (
				EA5E09941A82F6B7002A1147 /* Course-499Project */,
				EA5E09AA1A82F6B7002A1147 /* Course-499ProjectTests */,
				EA5E09931A82F6B7002A1147 /* Products */,
			);
			sourceTree = "<group>";
		};
		EA5E09931A82F6B7002A1147 /* Products */ = {
			isa = PBXGroup;
			children = (
				EA5E09921A82F6B7002A1147 /* Course-499Project.app */,
				EA5E09A71A82F6B7002A1147 /* Course-499ProjectTests.xctest */,
			);
			name = Products;
			sourceTree = "<group>";
		};
		EA5E09941A82F6B7002A1147 /* Course-499Project */ = {
			isa = PBXGroup;
			children = (
				EA5E09971A82F6B7002A1147 /* AppDelegate.swift */,
				EA5E09991A82F6B7002A1147 /* ViewController.swift */,
				EA726B801A95560C001CD639 /* MyPlayground.playground */,
				EA726B811A9559AD001CD639 /* SwiftHTTP.xcodeproj */,
				EA5E099B1A82F6B7002A1147 /* Main.storyboard */,
				EA5E099E1A82F6B7002A1147 /* Images.xcassets */,
				EA5E09A01A82F6B7002A1147 /* LaunchScreen.xib */,
				EA5E09951A82F6B7002A1147 /* Supporting Files */,
			);
			path = "Course-499Project";
			sourceTree = "<group>";
		};
		EA5E09951A82F6B7002A1147 /* Supporting Files */ = {
			isa = PBXGroup;
			children = (
				EA5E09961A82F6B7002A1147 /* Info.plist */,
			);
			name = "Supporting Files";
			sourceTree = "<group>";
		};
		EA5E09AA1A82F6B7002A1147 /* Course-499ProjectTests */ = {
			isa = PBXGroup;
			children = (
				EA5E09AD1A82F6B7002A1147 /* Course_499ProjectTests.swift */,
				EA5E09AB1A82F6B7002A1147 /* Supporting Files */,
			);
			path = "Course-499ProjectTests";
			sourceTree = "<group>";
		};
		EA5E09AB1A82F6B7002A1147 /* Supporting Files */ = {
			isa = PBXGroup;
			children = (
				EA5E09AC1A82F6B7002A1147 /* Info.plist */,
			);
			name = "Supporting Files";
			sourceTree = "<group>";
		};
		EA726B821A9559AD001CD639 /* Products */ = {
			isa = PBXGroup;
			children = (
				EA726B891A9559AD001CD639 /* SwiftHTTP.framework */,
				EA726B8B1A9559AD001CD639 /* SwiftHTTPTests.xctest */,
				EA726B8D1A9559AD001CD639 /* SwiftHTTP.framework */,
				EA726B8F1A9559AD001CD639 /* SwiftHTTPOSXTests.xctest */,
			);
			name = Products;
			sourceTree = "<group>";
		};
/* End PBXGroup section */

/* Begin PBXNativeTarget section */
		EA5E09911A82F6B7002A1147 /* Course-499Project */ = {
			isa = PBXNativeTarget;
			buildConfigurationList = EA5E09B11A82F6B7002A1147 /* Build configuration list for PBXNativeTarget "Course-499Project" */;
			buildPhases = (
				EA5E098E1A82F6B7002A1147 /* Sources */,
				EA5E098F1A82F6B7002A1147 /* Frameworks */,
				EA5E09901A82F6B7002A1147 /* Resources */,
			);
			buildRules = (
			);
			dependencies = (
			);
			name = "Course-499Project";
			productName = "Course-499Project";
			productReference = EA5E09921A82F6B7002A1147 /* Course-499Project.app */;
			productType = "com.apple.product-type.application";
		};
		EA5E09A61A82F6B7002A1147 /* Course-499ProjectTests */ = {
			isa = PBXNativeTarget;
			buildConfigurationList = EA5E09B41A82F6B7002A1147 /* Build configuration list for PBXNativeTarget "Course-499ProjectTests" */;
			buildPhases = (
				EA5E09A31A82F6B7002A1147 /* Sources */,
				EA5E09A41A82F6B7002A1147 /* Frameworks */,
				EA5E09A51A82F6B7002A1147 /* Resources */,
			);
			buildRules = (
			);
			dependencies = (
				EA5E09A91A82F6B7002A1147 /* PBXTargetDependency */,
			);
			name = "Course-499ProjectTests";
			productName = "Course-499ProjectTests";
			productReference = EA5E09A71A82F6B7002A1147 /* Course-499ProjectTests.xctest */;
			productType = "com.apple.product-type.bundle.unit-test";
		};
/* End PBXNativeTarget section */

/* Begin PBXProject section */
		EA5E098A1A82F6B6002A1147 /* Project object */ = {
			isa = PBXProject;
			attributes = {
				LastUpgradeCheck = 0610;
				ORGANIZATIONNAME = "Zhe Chen";
				TargetAttributes = {
					EA5E09911A82F6B7002A1147 = {
						CreatedOnToolsVersion = 6.1.1;
					};
					EA5E09A61A82F6B7002A1147 = {
						CreatedOnToolsVersion = 6.1.1;
						TestTargetID = EA5E09911A82F6B7002A1147;
					};
				};
			};
			buildConfigurationList = EA5E098D1A82F6B6002A1147 /* Build configuration list for PBXProject "Course-499Project" */;
			compatibilityVersion = "Xcode 3.2";
			developmentRegion = English;
			hasScannedForEncodings = 0;
			knownRegions = (
				en,
				Base,
			);
			mainGroup = EA5E09891A82F6B6002A1147;
			productRefGroup = EA5E09931A82F6B7002A1147 /* Products */;
			projectDirPath = "";
			projectReferences = (
				{
					ProductGroup = EA726B821A9559AD001CD639 /* Products */;
					ProjectRef = EA726B811A9559AD001CD639 /* SwiftHTTP.xcodeproj */;
				},
			);
			projectRoot = "";
			targets = (
				EA5E09911A82F6B7002A1147 /* Course-499Project */,
				EA5E09A61A82F6B7002A1147 /* Course-499ProjectTests */,
			);
		};
/* End PBXProject section */

/* Begin PBXReferenceProxy section */
		EA726B891A9559AD001CD639 /* SwiftHTTP.framework */ = {
			isa = PBXReferenceProxy;
			fileType = wrapper.framework;
			path = SwiftHTTP.framework;
			remoteRef = EA726B881A9559AD001CD639 /* PBXContainerItemProxy */;
			sourceTree = BUILT_PRODUCTS_DIR;
		};
		EA726B8B1A9559AD001CD639 /* SwiftHTTPTests.xctest */ = {
			isa = PBXReferenceProxy;
			fileType = wrapper.cfbundle;
			path = SwiftHTTPTests.xctest;
			remoteRef = EA726B8A1A9559AD001CD639 /* PBXContainerItemProxy */;
			sourceTree = BUILT_PRODUCTS_DIR;
		};
		EA726B8D1A9559AD001CD639 /* SwiftHTTP.framework */ = {
			isa = PBXReferenceProxy;
			fileType = wrapper.framework;
			path = SwiftHTTP.framework;
			remoteRef = EA726B8C1A9559AD001CD639 /* PBXContainerItemProxy */;
			sourceTree = BUILT_PRODUCTS_DIR;
		};
		EA726B8F1A9559AD001CD639 /* SwiftHTTPOSXTests.xctest */ = {
			isa = PBXReferenceProxy;
			fileType = wrapper.cfbundle;
			path = SwiftHTTPOSXTests.xctest;
			remoteRef = EA726B8E1A9559AD001CD639 /* PBXContainerItemProxy */;
			sourceTree = BUILT_PRODUCTS_DIR;
		};
/* End PBXReferenceProxy section */

/* Begin PBXResourcesBuildPhase section */
		EA5E09901A82F6B7002A1147 /* Resources */ = {
			isa = PBXResourcesBuildPhase;
			buildActionMask = 2147483647;
			files = (
				EA5E099D1A82F6B7002A1147 /* Main.storyboard in Resources */,
				EA5E09A21A82F6B7002A1147 /* LaunchScreen.xib in Resources */,
				EA5E099F1A82F6B7002A1147 /* Images.xcassets in Resources */,
			);
			runOnlyForDeploymentPostprocessing = 0;
		};
		EA5E09A51A82F6B7002A1147 /* Resources */ = {
			isa = PBXResourcesBuildPhase;
			buildActionMask = 2147483647;
			files = (
			);
			runOnlyForDeploymentPostprocessing = 0;
		};
/* End PBXResourcesBuildPhase section */

/* Begin PBXSourcesBuildPhase section */
		EA5E098E1A82F6B7002A1147 /* Sources */ = {
			isa = PBXSourcesBuildPhase;
			buildActionMask = 2147483647;
			files = (
				EA5E099A1A82F6B7002A1147 /* ViewController.swift in Sources */,
				EA5E09981A82F6B7002A1147 /* AppDelegate.swift in Sources */,
			);
			runOnlyForDeploymentPostprocessing = 0;
		};
		EA5E09A31A82F6B7002A1147 /* Sources */ = {
			isa = PBXSourcesBuildPhase;
			buildActionMask = 2147483647;
			files = (
				EA5E09AE1A82F6B7002A1147 /* Course_499ProjectTests.swift in Sources */,
			);
			runOnlyForDeploymentPostprocessing = 0;
		};
/* End PBXSourcesBuildPhase section */

/* Begin PBXTargetDependency section */
		EA5E09A91A82F6B7002A1147 /* PBXTargetDependency */ = {
			isa = PBXTargetDependency;
			target = EA5E09911A82F6B7002A1147 /* Course-499Project */;
			targetProxy = EA5E09A81A82F6B7002A1147 /* PBXContainerItemProxy */;
		};
/* End PBXTargetDependency section */

/* Begin PBXVariantGroup section */
		EA5E099B1A82F6B7002A1147 /* Main.storyboard */ = {
			isa = PBXVariantGroup;
			children = (
				EA5E099C1A82F6B7002A1147 /* Base */,
			);
			name = Main.storyboard;
			sourceTree = "<group>";
		};
		EA5E09A01A82F6B7002A1147 /* LaunchScreen.xib */ = {
			isa = PBXVariantGroup;
			children = (
				EA5E09A11A82F6B7002A1147 /* Base */,
			);
			name = LaunchScreen.xib;
			sourceTree = "<group>";
		};
/* End PBXVariantGroup section */

/* Begin XCBuildConfiguration section */
		EA5E09AF1A82F6B7002A1147 /* Debug */ = {
			isa = XCBuildConfiguration;
			buildSettings = {
				ALWAYS_SEARCH_USER_PATHS = NO;
				CLANG_CXX_LANGUAGE_STANDARD = "gnu++0x";
				CLANG_CXX_LIBRARY = "libc++";
				CLANG_ENABLE_MODULES = YES;
				CLANG_ENABLE_OBJC_ARC = YES;
				CLANG_WARN_BOOL_CONVERSION = YES;
				CLANG_WARN_CONSTANT_CONVERSION = YES;
				CLANG_WARN_DIRECT_OBJC_ISA_USAGE = YES_ERROR;
				CLANG_WARN_EMPTY_BODY = YES;
				CLANG_WARN_ENUM_CONVERSION = YES;
				CLANG_WARN_INT_CONVERSION = YES;
				CLANG_WARN_OBJC_ROOT_CLASS = YES_ERROR;
				CLANG_WARN_UNREACHABLE_CODE = YES;
				CLANG_WARN__DUPLICATE_METHOD_MATCH = YES;
				"CODE_SIGN_IDENTITY[sdk=iphoneos*]" = "iPhone Developer";
				COPY_PHASE_STRIP = NO;
				ENABLE_STRICT_OBJC_MSGSEND = YES;
				GCC_C_LANGUAGE_STANDARD = gnu99;
				GCC_DYNAMIC_NO_PIC = NO;
				GCC_OPTIMIZATION_LEVEL = 0;
				GCC_PREPROCESSOR_DEFINITIONS = (
					"DEBUG=1",
					"$(inherited)",
				);
				GCC_SYMBOLS_PRIVATE_EXTERN = NO;
				GCC_WARN_64_TO_32_BIT_CONVERSION = YES;
				GCC_WARN_ABOUT_RETURN_TYPE = YES_ERROR;
				GCC_WARN_UNDECLARED_SELECTOR = YES;
				GCC_WARN_UNINITIALIZED_AUTOS = YES_AGGRESSIVE;
				GCC_WARN_UNUSED_FUNCTION = YES;
				GCC_WARN_UNUSED_VARIABLE = YES;
				IPHONEOS_DEPLOYMENT_TARGET = 8.1;
				MTL_ENABLE_DEBUG_INFO = YES;
				ONLY_ACTIVE_ARCH = YES;
				SDKROOT = iphoneos;
				SWIFT_OPTIMIZATION_LEVEL = "-Onone";
			};
			name = Debug;
		};
		EA5E09B01A82F6B7002A1147 /* Release */ = {
			isa = XCBuildConfiguration;
			buildSettings = {
				ALWAYS_SEARCH_USER_PATHS = NO;
				CLANG_CXX_LANGUAGE_STANDARD = "gnu++0x";
				CLANG_CXX_LIBRARY = "libc++";
				CLANG_ENABLE_MODULES = YES;
				CLANG_ENABLE_OBJC_ARC = YES;
				CLANG_WARN_BOOL_CONVERSION = YES;
				CLANG_WARN_CONSTANT_CONVERSION = YES;
				CLANG_WARN_DIRECT_OBJC_ISA_USAGE = YES_ERROR;
				CLANG_WARN_EMPTY_BODY = YES;
				CLANG_WARN_ENUM_CONVERSION = YES;
				CLANG_WARN_INT_CONVERSION = YES;
				CLANG_WARN_OBJC_ROOT_CLASS = YES_ERROR;
				CLANG_WARN_UNREACHABLE_CODE = YES;
				CLANG_WARN__DUPLICATE_METHOD_MATCH = YES;
				"CODE_SIGN_IDENTITY[sdk=iphoneos*]" = "iPhone Developer";
				COPY_PHASE_STRIP = YES;
				ENABLE_NS_ASSERTIONS = NO;
				ENABLE_STRICT_OBJC_MSGSEND = YES;
				GCC_C_LANGUAGE_STANDARD = gnu99;
				GCC_WARN_64_TO_32_BIT_CONVERSION = YES;
				GCC_WARN_ABOUT_RETURN_TYPE = YES_ERROR;
				GCC_WARN_UNDECLARED_SELECTOR = YES;
				GCC_WARN_UNINITIALIZED_AUTOS = YES_AGGRESSIVE;
				GCC_WARN_UNUSED_FUNCTION = YES;
				GCC_WARN_UNUSED_VARIABLE = YES;
				IPHONEOS_DEPLOYMENT_TARGET = 8.1;
				MTL_ENABLE_DEBUG_INFO = NO;
				SDKROOT = iphoneos;
				VALIDATE_PRODUCT = YES;
			};
			name = Release;
		};
		EA5E09B21A82F6B7002A1147 /* Debug */ = {
			isa = XCBuildConfiguration;
			buildSettings = {
				ASSETCATALOG_COMPILER_APPICON_NAME = AppIcon;
				INFOPLIST_FILE = "Course-499Project/Info.plist";
				LD_RUNPATH_SEARCH_PATHS = "$(inherited) @executable_path/Frameworks";
				PRODUCT_NAME = "$(TARGET_NAME)";
			};
			name = Debug;
		};
		EA5E09B31A82F6B7002A1147 /* Release */ = {
			isa = XCBuildConfiguration;
			buildSettings = {
				ASSETCATALOG_COMPILER_APPICON_NAME = AppIcon;
				INFOPLIST_FILE = "Course-499Project/Info.plist";
				LD_RUNPATH_SEARCH_PATHS = "$(inherited) @executable_path/Frameworks";
				PRODUCT_NAME = "$(TARGET_NAME)";
			};
			name = Release;
		};
		EA5E09B51A82F6B7002A1147 /* Debug */ = {
			isa = XCBuildConfiguration;
			buildSettings = {
				BUNDLE_LOADER = "$(TEST_HOST)";
				FRAMEWORK_SEARCH_PATHS = (
					"$(SDKROOT)/Developer/Library/Frameworks",
					"$(inherited)",
				);
				GCC_PREPROCESSOR_DEFINITIONS = (
					"DEBUG=1",
					"$(inherited)",
				);
				INFOPLIST_FILE = "Course-499ProjectTests/Info.plist";
				LD_RUNPATH_SEARCH_PATHS = "$(inherited) @executable_path/Frameworks @loader_path/Frameworks";
				PRODUCT_NAME = "$(TARGET_NAME)";
				TEST_HOST = "$(BUILT_PRODUCTS_DIR)/Course-499Project.app/Course-499Project";
			};
			name = Debug;
		};
		EA5E09B61A82F6B7002A1147 /* Release */ = {
			isa = XCBuildConfiguration;
			buildSettings = {
				BUNDLE_LOADER = "$(TEST_HOST)";
				FRAMEWORK_SEARCH_PATHS = (
					"$(SDKROOT)/Developer/Library/Frameworks",
					"$(inherited)",
				);
				INFOPLIST_FILE = "Course-499ProjectTests/Info.plist";
				LD_RUNPATH_SEARCH_PATHS = "$(inherited) @executable_path/Frameworks @loader_path/Frameworks";
				PRODUCT_NAME = "$(TARGET_NAME)";
				TEST_HOST = "$(BUILT_PRODUCTS_DIR)/Course-499Project.app/Course-499Project";
			};
			name = Release;
		};
/* End XCBuildConfiguration section */

/* Begin XCConfigurationList section */
		EA5E098D1A82F6B6002A1147 /* Build configuration list for PBXProject "Course-499Project" */ = {
			isa = XCConfigurationList;
			buildConfigurations = (
				EA5E09AF1A82F6B7002A1147 /* Debug */,
				EA5E09B01A82F6B7002A1147 /* Release */,
			);
			defaultConfigurationIsVisible = 0;
			defaultConfigurationName = Release;
		};
		EA5E09B11A82F6B7002A1147 /* Build configuration list for PBXNativeTarget "Course-499Project" */ = {
			isa = XCConfigurationList;
			buildConfigurations = (
				EA5E09B21A82F6B7002A1147 /* Debug */,
				EA5E09B31A82F6B7002A1147 /* Release */,
			);
			defaultConfigurationIsVisible = 0;
			defaultConfigurationName = Release;
		};
		EA5E09B41A82F6B7002A1147 /* Build configuration list for PBXNativeTarget "Course-499ProjectTests" */ = {
			isa = XCConfigurationList;
			buildConfigurations = (
				EA5E09B51A82F6B7002A1147 /* Debug */,
				EA5E09B61A82F6B7002A1147 /* Release */,
			);
			defaultConfigurationIsVisible = 0;
			defaultConfigurationName = Release;
		};
/* End XCConfigurationList section */
	};
	rootObject = EA5E098A1A82F6B6002A1147 /* Project object */;
}
